
Microsoft Visual Studio Solution File, Format Version 12.00
# Visual Studio Version 16
VisualStudioVersion = 16.0.31410.357
MinimumVisualStudioVersion = 10.0.40219.1
Project("{9A19103F-16F7-4668-BE54-9A1E7A4F7556}") = "Spectre.API", "Spectre.API\Spectre.API.csproj", "{EF317CA3-0C8D-449D-A056-70B0A66B0D8E}"
EndProject
Project("{9A19103F-16F7-4668-BE54-9A1E7A4F7556}") = "Spectre.Core", "Spectre.Core\Spectre.Core.csproj", "{A03800E1-3C2D-4901-844A-AF4739ABF24D}"
EndProject
Global
	GlobalSection(SolutionConfigurationPlatforms) = preSolution
		Debug|Any CPU = Debug|Any CPU
		Release|Any CPU = Release|Any CPU
	EndGlobalSection
	GlobalSection(ProjectConfigurationPlatforms) = postSolution
		{EF317CA3-0C8D-449D-A056-70B0A66B0D8E}.Debug|Any CPU.ActiveCfg = Debug|Any CPU
		{EF317CA3-0C8D-449D-A056-70B0A66B0D8E}.Debug|Any CPU.Build.0 = Debug|Any CPU
		{EF317CA3-0C8D-449D-A056-70B0A66B0D8E}.Release|Any CPU.ActiveCfg = Release|Any CPU
		{EF317CA3-0C8D-449D-A056-70B0A66B0D8E}.Release|Any CPU.Build.0 = Release|Any CPU
		{A03800E1-3C2D-4901-844A-AF4739ABF24D}.Debug|Any CPU.ActiveCfg = Debug|Any CPU
		{A03800E1-3C2D-4901-844A-AF4739ABF24D}.Debug|Any CPU.Build.0 = Debug|Any CPU
		{A03800E1-3C2D-4901-844A-AF4739ABF24D}.Release|Any CPU.ActiveCfg = Release|Any CPU
		{A03800E1-3C2D-4901-844A-AF4739ABF24D}.Release|Any CPU.Build.0 = Release|Any CPU
	EndGlobalSection
	GlobalSection(SolutionProperties) = preSolution
		HideSolutionNode = FALSE
	EndGlobalSection
	GlobalSection(ExtensibilityGlobals) = postSolution
		SolutionGuid = {FAA255DE-9CAD-4A43-8B3B-F9985F77E2BD}
	EndGlobalSection
	GlobalSection(TeamFoundationVersionControl) = preSolution
		SccNumberOfProjects = 3
		SccEnterpriseProvider = {4CA58AB2-18FA-4F8D-95D4-32DDF27D184C}
		SccTeamFoundationServer = http://tfs.ids.com.lb:8080/tfs/idscollection
		SccLocalPath0 = .
		SccProjectUniqueName1 = Spectre.API\\Spectre.API.csproj
		SccProjectName1 = Spectre.API
		SccLocalPath1 = Spectre.API
		SccProjectUniqueName2 = Spectre.Core\\Spectre.Core.csproj
		SccProjectName2 = Spectre.Core
		SccLocalPath2 = Spectre.Core
	EndGlobalSection
EndGlobal
